
Microsoft Visual Studio Solution File, Format Version 12.00
# Visual Studio 2013
VisualStudioVersion = 12.0.31101.0
MinimumVisualStudioVersion = 10.0.40219.1
Project("{FAE04EC0-301F-11D3-BF4B-00C04F79EFBC}") = "Ledger", "Ledger\Ledger.csproj", "{4ED2A64F-414E-47AB-870A-4E34AA25FFBD}"
EndProject
Project("{FAE04EC0-301F-11D3-BF4B-00C04F79EFBC}") = "Ledger.Tests", "Ledger.Tests\Ledger.Tests.csproj", "{D783268B-95C1-419E-BC33-EE81A8740BA4}"
EndProject
Project("{FAE04EC0-301F-11D3-BF4B-00C04F79EFBC}") = "TestsDomain", "TestsDomain\TestsDomain.csproj", "{C0080E1D-4AA9-4333-ACDB-BDEDC6A6A8AD}"
EndProject
Project("{FAE04EC0-301F-11D3-BF4B-00C04F79EFBC}") = "Ledger.Stores.Postgres", "Ledger.Stores.Postgres\Ledger.Stores.Postgres.csproj", "{FD8BD913-A719-4879-A596-EE6EDE930E5F}"
EndProject
Project("{FAE04EC0-301F-11D3-BF4B-00C04F79EFBC}") = "Ledger.Stores.Fs", "Ledger.Stores.Fs\Ledger.Stores.Fs.csproj", "{B7AE096A-E650-47F9-BD95-F9C29E839D57}"
EndProject
Project("{FAE04EC0-301F-11D3-BF4B-00C04F79EFBC}") = "Ledger.Stores.Fs.Tests", "Ledger.Stores.Fs.Tests\Ledger.Stores.Fs.Tests.csproj", "{1E41BEB2-DA68-41C2-A326-F24B94F1493D}"
EndProject
Project("{FAE04EC0-301F-11D3-BF4B-00C04F79EFBC}") = "Ledger.Stores.Memory", "Ledger.Stores.Memory\Ledger.Stores.Memory.csproj", "{08F3B991-276E-4196-BA29-EE0C537FD7CB}"
EndProject
Global
	GlobalSection(SolutionConfigurationPlatforms) = preSolution
		Debug|Any CPU = Debug|Any CPU
		Release|Any CPU = Release|Any CPU
	EndGlobalSection
	GlobalSection(ProjectConfigurationPlatforms) = postSolution
		{4ED2A64F-414E-47AB-870A-4E34AA25FFBD}.Debug|Any CPU.ActiveCfg = Debug|Any CPU
		{4ED2A64F-414E-47AB-870A-4E34AA25FFBD}.Debug|Any CPU.Build.0 = Debug|Any CPU
		{4ED2A64F-414E-47AB-870A-4E34AA25FFBD}.Release|Any CPU.ActiveCfg = Release|Any CPU
		{4ED2A64F-414E-47AB-870A-4E34AA25FFBD}.Release|Any CPU.Build.0 = Release|Any CPU
		{D783268B-95C1-419E-BC33-EE81A8740BA4}.Debug|Any CPU.ActiveCfg = Debug|Any CPU
		{D783268B-95C1-419E-BC33-EE81A8740BA4}.Debug|Any CPU.Build.0 = Debug|Any CPU
		{D783268B-95C1-419E-BC33-EE81A8740BA4}.Release|Any CPU.ActiveCfg = Release|Any CPU
		{D783268B-95C1-419E-BC33-EE81A8740BA4}.Release|Any CPU.Build.0 = Release|Any CPU
		{C0080E1D-4AA9-4333-ACDB-BDEDC6A6A8AD}.Debug|Any CPU.ActiveCfg = Debug|Any CPU
		{C0080E1D-4AA9-4333-ACDB-BDEDC6A6A8AD}.Debug|Any CPU.Build.0 = Debug|Any CPU
		{C0080E1D-4AA9-4333-ACDB-BDEDC6A6A8AD}.Release|Any CPU.ActiveCfg = Release|Any CPU
		{C0080E1D-4AA9-4333-ACDB-BDEDC6A6A8AD}.Release|Any CPU.Build.0 = Release|Any CPU
		{FD8BD913-A719-4879-A596-EE6EDE930E5F}.Debug|Any CPU.ActiveCfg = Debug|Any CPU
		{FD8BD913-A719-4879-A596-EE6EDE930E5F}.Debug|Any CPU.Build.0 = Debug|Any CPU
		{FD8BD913-A719-4879-A596-EE6EDE930E5F}.Release|Any CPU.ActiveCfg = Release|Any CPU
		{FD8BD913-A719-4879-A596-EE6EDE930E5F}.Release|Any CPU.Build.0 = Release|Any CPU
		{B7AE096A-E650-47F9-BD95-F9C29E839D57}.Debug|Any CPU.ActiveCfg = Debug|Any CPU
		{B7AE096A-E650-47F9-BD95-F9C29E839D57}.Debug|Any CPU.Build.0 = Debug|Any CPU
		{B7AE096A-E650-47F9-BD95-F9C29E839D57}.Release|Any CPU.ActiveCfg = Release|Any CPU
		{B7AE096A-E650-47F9-BD95-F9C29E839D57}.Release|Any CPU.Build.0 = Release|Any CPU
		{1E41BEB2-DA68-41C2-A326-F24B94F1493D}.Debug|Any CPU.ActiveCfg = Debug|Any CPU
		{1E41BEB2-DA68-41C2-A326-F24B94F1493D}.Debug|Any CPU.Build.0 = Debug|Any CPU
		{1E41BEB2-DA68-41C2-A326-F24B94F1493D}.Release|Any CPU.ActiveCfg = Release|Any CPU
		{1E41BEB2-DA68-41C2-A326-F24B94F1493D}.Release|Any CPU.Build.0 = Release|Any CPU
		{08F3B991-276E-4196-BA29-EE0C537FD7CB}.Debug|Any CPU.ActiveCfg = Debug|Any CPU
		{08F3B991-276E-4196-BA29-EE0C537FD7CB}.Debug|Any CPU.Build.0 = Debug|Any CPU
		{08F3B991-276E-4196-BA29-EE0C537FD7CB}.Release|Any CPU.ActiveCfg = Release|Any CPU
		{08F3B991-276E-4196-BA29-EE0C537FD7CB}.Release|Any CPU.Build.0 = Release|Any CPU
	EndGlobalSection
	GlobalSection(SolutionProperties) = preSolution
		HideSolutionNode = FALSE
	EndGlobalSection
EndGlobal
